
Microsoft Visual Studio Solution File, Format Version 12.00
# Visual Studio 15
VisualStudioVersion = 15.0.28010.2050
MinimumVisualStudioVersion = 10.0.40219.1
Project("{FAE04EC0-301F-11D3-BF4B-00C04F79EFBC}") = "WebApplication1", "WebApplication1\WebApplication1.csproj", "{E7AD344B-0472-4561-9AD6-03923B84F109}"
EndProject
Global
	GlobalSection(SolutionConfigurationPlatforms) = preSolution
		Debug|Any CPU = Debug|Any CPU
		Release|Any CPU = Release|Any CPU
	EndGlobalSection
	GlobalSection(ProjectConfigurationPlatforms) = postSolution
		{E7AD344B-0472-4561-9AD6-03923B84F109}.Debug|Any CPU.ActiveCfg = Debug|Any CPU
		{E7AD344B-0472-4561-9AD6-03923B84F109}.Debug|Any CPU.Build.0 = Debug|Any CPU
		{E7AD344B-0472-4561-9AD6-03923B84F109}.Release|Any CPU.ActiveCfg = Release|Any CPU
		{E7AD344B-0472-4561-9AD6-03923B84F109}.Release|Any CPU.Build.0 = Release|Any CPU
	EndGlobalSection
	GlobalSection(SolutionProperties) = preSolution
		HideSolutionNode = FALSE
	EndGlobalSection
	GlobalSection(ExtensibilityGlobals) = postSolution
		SolutionGuid = {05C65B93-4E8C-4E5D-8FD4-DCC152E0373C}
	EndGlobalSection
EndGlobal
